// !$*UTF8*$!
{
	archiveVersion = 1;
	classes = {
	};
	objectVersion = 46;
	objects = {

/* Begin PBXBuildFile section */
		4491B97C19F709650073750B /* AppDelegate.swift in Sources */ = {isa = PBXBuildFile; fileRef = 4491B97B19F709650073750B /* AppDelegate.swift */; };
		4491B97E19F709650073750B /* ViewController.swift in Sources */ = {isa = PBXBuildFile; fileRef = 4491B97D19F709650073750B /* ViewController.swift */; };
		4491B98119F709650073750B /* Main.storyboard in Resources */ = {isa = PBXBuildFile; fileRef = 4491B97F19F709650073750B /* Main.storyboard */; };
		4491B98319F709650073750B /* Images.xcassets in Resources */ = {isa = PBXBuildFile; fileRef = 4491B98219F709650073750B /* Images.xcassets */; };
		4491B98619F709650073750B /* LaunchScreen.xib in Resources */ = {isa = PBXBuildFile; fileRef = 4491B98419F709650073750B /* LaunchScreen.xib */; };
		4491B99219F709660073750B /* PostcardTests.swift in Sources */ = {isa = PBXBuildFile; fileRef = 4491B99119F709660073750B /* PostcardTests.swift */; };
/* End PBXBuildFile section */

/* Begin PBXContainerItemProxy section */
		4491B98C19F709650073750B /* PBXContainerItemProxy */ = {
			isa = PBXContainerItemProxy;
			containerPortal = 4491B96E19F709650073750B /* Project object */;
			proxyType = 1;
			remoteGlobalIDString = 4491B97519F709650073750B;
			remoteInfo = Postcard;
		};
/* End PBXContainerItemProxy section */

/* Begin PBXFileReference section */
		4491B97619F709650073750B /* Postcard.app */ = {isa = PBXFileReference; explicitFileType = wrapper.application; includeInIndex = 0; path = Postcard.app; sourceTree = BUILT_PRODUCTS_DIR; };
		4491B97A19F709650073750B /* Info.plist */ = {isa = PBXFileReference; lastKnownFileType = text.plist.xml; path = Info.plist; sourceTree = "<group>"; };
		4491B97B19F709650073750B /* AppDelegate.swift */ = {isa = PBXFileReference; lastKnownFileType = sourcecode.swift; path = AppDelegate.swift; sourceTree = "<group>"; };
		4491B97D19F709650073750B /* ViewController.swift */ = {isa = PBXFileReference; lastKnownFileType = sourcecode.swift; path = ViewController.swift; sourceTree = "<group>"; };
		4491B98019F709650073750B /* Base */ = {isa = PBXFileReference; lastKnownFileType = file.storyboard; name = Base; path = Base.lproj/Main.storyboard; sourceTree = "<group>"; };
		4491B98219F709650073750B /* Images.xcassets */ = {isa = PBXFileReference; lastKnownFileType = folder.assetcatalog; path = Images.xcassets; sourceTree = "<group>"; };
		4491B98519F709650073750B /* Base */ = {isa = PBXFileReference; lastKnownFileType = file.xib; name = Base; path = Base.lproj/LaunchScreen.xib; sourceTree = "<group>"; };
		4491B98B19F709650073750B /* PostcardTests.xctest */ = {isa = PBXFileReference; explicitFileType = wrapper.cfbundle; includeInIndex = 0; path = PostcardTests.xctest; sourceTree = BUILT_PRODUCTS_DIR; };
		4491B99019F709660073750B /* Info.plist */ = {isa = PBXFileReference; lastKnownFileType = text.plist.xml; path = Info.plist; sourceTree = "<group>"; };
		4491B99119F709660073750B /* PostcardTests.swift */ = {isa = PBXFileReference; lastKnownFileType = sourcecode.swift; path = PostcardTests.swift; sourceTree = "<group>"; };
/* End PBXFileReference section */

/* Begin PBXFrameworksBuildPhase section */
		4491B97319F709650073750B /* Frameworks */ = {
			isa = PBXFrameworksBuildPhase;
			buildActionMask = 2147483647;
			files = (
			);
			runOnlyForDeploymentPostprocessing = 0;
		};
		4491B98819F709650073750B /* Frameworks */ = {
			isa = PBXFrameworksBuildPhase;
			buildActionMask = 2147483647;
			files = (
			);
			runOnlyForDeploymentPostprocessing = 0;
		};
/* End PBXFrameworksBuildPhase section */

/* Begin PBXGroup section */
		4491B96D19F709650073750B = {
			isa = PBXGroup;
			children = (
				4491B97819F709650073750B /* Postcard */,
				4491B98E19F709650073750B /* PostcardTests */,
				4491B97719F709650073750B /* Products */,
			);
			sourceTree = "<group>";
		};
		4491B97719F709650073750B /* Products */ = {
			isa = PBXGroup;
			children = (
				4491B97619F709650073750B /* Postcard.app */,
				4491B98B19F709650073750B /* PostcardTests.xctest */,
			);
			name = Products;
			sourceTree = "<group>";
		};
		4491B97819F709650073750B /* Postcard */ = {
			isa = PBXGroup;
			children = (
				4491B97B19F709650073750B /* AppDelegate.swift */,
				4491B97D19F709650073750B /* ViewController.swift */,
				4491B97F19F709650073750B /* Main.storyboard */,
				4491B98219F709650073750B /* Images.xcassets */,
				4491B98419F709650073750B /* LaunchScreen.xib */,
				4491B97919F709650073750B /* Supporting Files */,
			);
			path = Postcard;
			sourceTree = "<group>";
		};
		4491B97919F709650073750B /* Supporting Files */ = {
			isa = PBXGroup;
			children = (
				4491B97A19F709650073750B /* Info.plist */,
			);
			name = "Supporting Files";
			sourceTree = "<group>";
		};
		4491B98E19F709650073750B /* PostcardTests */ = {
			isa = PBXGroup;
			children = (
				4491B99119F709660073750B /* PostcardTests.swift */,
				4491B98F19F709660073750B /* Supporting Files */,
			);
			path = PostcardTests;
			sourceTree = "<group>";
		};
		4491B98F19F709660073750B /* Supporting Files */ = {
			isa = PBXGroup;
			children = (
				4491B99019F709660073750B /* Info.plist */,
			);
			name = "Supporting Files";
			sourceTree = "<group>";
		};
/* End PBXGroup section */

/* Begin PBXNativeTarget section */
		4491B97519F709650073750B /* Postcard */ = {
			isa = PBXNativeTarget;
			buildConfigurationList = 4491B99519F709660073750B /* Build configuration list for PBXNativeTarget "Postcard" */;
			buildPhases = (
				4491B97219F709650073750B /* Sources */,
				4491B97319F709650073750B /* Frameworks */,
				4491B97419F709650073750B /* Resources */,
			);
			buildRules = (
			);
			dependencies = (
			);
			name = Postcard;
			productName = Postcard;
			productReference = 4491B97619F709650073750B /* Postcard.app */;
			productType = "com.apple.product-type.application";
		};
		4491B98A19F709650073750B /* PostcardTests */ = {
			isa = PBXNativeTarget;
			buildConfigurationList = 4491B99819F709660073750B /* Build configuration list for PBXNativeTarget "PostcardTests" */;
			buildPhases = (
				4491B98719F709650073750B /* Sources */,
				4491B98819F709650073750B /* Frameworks */,
				4491B98919F709650073750B /* Resources */,
			);
			buildRules = (
			);
			dependencies = (
				4491B98D19F709650073750B /* PBXTargetDependency */,
			);
			name = PostcardTests;
			productName = PostcardTests;
			productReference = 4491B98B19F709650073750B /* PostcardTests.xctest */;
			productType = "com.apple.product-type.bundle.unit-test";
		};
/* End PBXNativeTarget section */

/* Begin PBXProject section */
		4491B96E19F709650073750B /* Project object */ = {
			isa = PBXProject;
			attributes = {
				LastUpgradeCheck = 0600;
				ORGANIZATIONNAME = Cat;
				TargetAttributes = {
					4491B97519F709650073750B = {
						CreatedOnToolsVersion = 6.0.1;
					};
					4491B98A19F709650073750B = {
						CreatedOnToolsVersion = 6.0.1;
						TestTargetID = 4491B97519F709650073750B;
					};
				};
			};
			buildConfigurationList = 4491B97119F709650073750B /* Build configuration list for PBXProject "Postcard" */;
			compatibilityVersion = "Xcode 3.2";
			developmentRegion = English;
			hasScannedForEncodings = 0;
			knownRegions = (
				en,
				Base,
			);
			mainGroup = 4491B96D19F709650073750B;
			productRefGroup = 4491B97719F709650073750B /* Products */;
			projectDirPath = "";
			projectRoot = "";
			targets = (
				4491B97519F709650073750B /* Postcard */,
				4491B98A19F709650073750B /* PostcardTests */,
			);
		};
/* End PBXProject section */

/* Begin PBXResourcesBuildPhase section */
		4491B97419F709650073750B /* Resources */ = {
			isa = PBXResourcesBuildPhase;
			buildActionMask = 2147483647;
			files = (
				4491B98119F709650073750B /* Main.storyboard in Resources */,
				4491B98619F709650073750B /* LaunchScreen.xib in Resources */,
				4491B98319F709650073750B /* Images.xcassets in Resources */,
			);
			runOnlyForDeploymentPostprocessing = 0;
		};
		4491B98919F709650073750B /* Resources */ = {
			isa = PBXResourcesBuildPhase;
			buildActionMask = 2147483647;
			files = (
			);
			runOnlyForDeploymentPostprocessing = 0;
		};
/* End PBXResourcesBuildPhase section */

/* Begin PBXSourcesBuildPhase section */
		4491B97219F709650073750B /* Sources */ = {
			isa = PBXSourcesBuildPhase;
			buildActionMask = 2147483647;
			files = (
				4491B97E19F709650073750B /* ViewController.swift in Sources */,
				4491B97C19F709650073750B /* AppDelegate.swift in Sources */,
			);
			runOnlyForDeploymentPostprocessing = 0;
		};
		4491B98719F709650073750B /* Sources */ = {
			isa = PBXSourcesBuildPhase;
			buildActionMask = 2147483647;
			files = (
				4491B99219F709660073750B /* PostcardTests.swift in Sources */,
			);
			runOnlyForDeploymentPostprocessing = 0;
		};
/* End PBXSourcesBuildPhase section */

/* Begin PBXTargetDependency section */
		4491B98D19F709650073750B /* PBXTargetDependency */ = {
			isa = PBXTargetDependency;
			target = 4491B97519F709650073750B /* Postcard */;
			targetProxy = 4491B98C19F709650073750B /* PBXContainerItemProxy */;
		};
/* End PBXTargetDependency section */

/* Begin PBXVariantGroup section */
		4491B97F19F709650073750B /* Main.storyboard */ = {
			isa = PBXVariantGroup;
			children = (
				4491B98019F709650073750B /* Base */,
			);
			name = Main.storyboard;
			sourceTree = "<group>";
		};
		4491B98419F709650073750B /* LaunchScreen.xib */ = {
			isa = PBXVariantGroup;
			children = (
				4491B98519F709650073750B /* Base */,
			);
			name = LaunchScreen.xib;
			sourceTree = "<group>";
		};
/* End PBXVariantGroup section */

/* Begin XCBuildConfiguration section */
		4491B99319F709660073750B /* Debug */ = {
			isa = XCBuildConfiguration;
			buildSettings = {
				ALWAYS_SEARCH_USER_PATHS = NO;
				CLANG_CXX_LANGUAGE_STANDARD = "gnu++0x";
				CLANG_CXX_LIBRARY = "libc++";
				CLANG_ENABLE_MODULES = YES;
				CLANG_ENABLE_OBJC_ARC = YES;
				CLANG_WARN_BOOL_CONVERSION = YES;
				CLANG_WARN_CONSTANT_CONVERSION = YES;
				CLANG_WARN_DIRECT_OBJC_ISA_USAGE = YES_ERROR;
				CLANG_WARN_EMPTY_BODY = YES;
				CLANG_WARN_ENUM_CONVERSION = YES;
				CLANG_WARN_INT_CONVERSION = YES;
				CLANG_WARN_OBJC_ROOT_CLASS = YES_ERROR;
				CLANG_WARN_UNREACHABLE_CODE = YES;
				CLANG_WARN__DUPLICATE_METHOD_MATCH = YES;
				"CODE_SIGN_IDENTITY[sdk=iphoneos*]" = "iPhone Developer";
				COPY_PHASE_STRIP = NO;
				ENABLE_STRICT_OBJC_MSGSEND = YES;
				GCC_C_LANGUAGE_STANDARD = gnu99;
				GCC_DYNAMIC_NO_PIC = NO;
				GCC_OPTIMIZATION_LEVEL = 0;
				GCC_PREPROCESSOR_DEFINITIONS = (
					"DEBUG=1",
					"$(inherited)",
				);
				GCC_SYMBOLS_PRIVATE_EXTERN = NO;
				GCC_WARN_64_TO_32_BIT_CONVERSION = YES;
				GCC_WARN_ABOUT_RETURN_TYPE = YES_ERROR;
				GCC_WARN_UNDECLARED_SELECTOR = YES;
				GCC_WARN_UNINITIALIZED_AUTOS = YES_AGGRESSIVE;
				GCC_WARN_UNUSED_FUNCTION = YES;
				GCC_WARN_UNUSED_VARIABLE = YES;
				IPHONEOS_DEPLOYMENT_TARGET = 8.0;
				MTL_ENABLE_DEBUG_INFO = YES;
				ONLY_ACTIVE_ARCH = YES;
				SDKROOT = iphoneos;
				SWIFT_OPTIMIZATION_LEVEL = "-Onone";
				TARGETED_DEVICE_FAMILY = "1,2";
			};
			name = Debug;
		};
		4491B99419F709660073750B /* Release */ = {
			isa = XCBuildConfiguration;
			buildSettings = {
				ALWAYS_SEARCH_USER_PATHS = NO;
				CLANG_CXX_LANGUAGE_STANDARD = "gnu++0x";
				CLANG_CXX_LIBRARY = "libc++";
				CLANG_ENABLE_MODULES = YES;
				CLANG_ENABLE_OBJC_ARC = YES;
				CLANG_WARN_BOOL_CONVERSION = YES;
				CLANG_WARN_CONSTANT_CONVERSION = YES;
				CLANG_WARN_DIRECT_OBJC_ISA_USAGE = YES_ERROR;
				CLANG_WARN_EMPTY_BODY = YES;
				CLANG_WARN_ENUM_CONVERSION = YES;
				CLANG_WARN_INT_CONVERSION = YES;
				CLANG_WARN_OBJC_ROOT_CLASS = YES_ERROR;
				CLANG_WARN_UNREACHABLE_CODE = YES;
				CLANG_WARN__DUPLICATE_METHOD_MATCH = YES;
				"CODE_SIGN_IDENTITY[sdk=iphoneos*]" = "iPhone Developer";
				COPY_PHASE_STRIP = YES;
				ENABLE_NS_ASSERTIONS = NO;
				ENABLE_STRICT_OBJC_MSGSEND = YES;
				GCC_C_LANGUAGE_STANDARD = gnu99;
				GCC_WARN_64_TO_32_BIT_CONVERSION = YES;
				GCC_WARN_ABOUT_RETURN_TYPE = YES_ERROR;
				GCC_WARN_UNDECLARED_SELECTOR = YES;
				GCC_WARN_UNINITIALIZED_AUTOS = YES_AGGRESSIVE;
				GCC_WARN_UNUSED_FUNCTION = YES;
				GCC_WARN_UNUSED_VARIABLE = YES;
				IPHONEOS_DEPLOYMENT_TARGET = 8.0;
				MTL_ENABLE_DEBUG_INFO = NO;
				SDKROOT = iphoneos;
				TARGETED_DEVICE_FAMILY = "1,2";
				VALIDATE_PRODUCT = YES;
			};
			name = Release;
		};
		4491B99619F709660073750B /* Debug */ = {
			isa = XCBuildConfiguration;
			buildSettings = {
				ASSETCATALOG_COMPILER_APPICON_NAME = AppIcon;
				INFOPLIST_FILE = Postcard/Info.plist;
				LD_RUNPATH_SEARCH_PATHS = "$(inherited) @executable_path/Frameworks";
				PRODUCT_NAME = "$(TARGET_NAME)";
			};
			name = Debug;
		};
		4491B99719F709660073750B /* Release */ = {
			isa = XCBuildConfiguration;
			buildSettings = {
				ASSETCATALOG_COMPILER_APPICON_NAME = AppIcon;
				INFOPLIST_FILE = Postcard/Info.plist;
				LD_RUNPATH_SEARCH_PATHS = "$(inherited) @executable_path/Frameworks";
				PRODUCT_NAME = "$(TARGET_NAME)";
			};
			name = Release;
		};
		4491B99919F709660073750B /* Debug */ = {
			isa = XCBuildConfiguration;
			buildSettings = {
				BUNDLE_LOADER = "$(TEST_HOST)";
				FRAMEWORK_SEARCH_PATHS = (
					"$(SDKROOT)/Developer/Library/Frameworks",
					"$(inherited)",
				);
				GCC_PREPROCESSOR_DEFINITIONS = (
					"DEBUG=1",
					"$(inherited)",
				);
				INFOPLIST_FILE = PostcardTests/Info.plist;
				LD_RUNPATH_SEARCH_PATHS = "$(inherited) @executable_path/Frameworks @loader_path/Frameworks";
				PRODUCT_NAME = "$(TARGET_NAME)";
				TEST_HOST = "$(BUILT_PRODUCTS_DIR)/Postcard.app/Postcard";
			};
			name = Debug;
		};
		4491B99A19F709660073750B /* Release */ = {
			isa = XCBuildConfiguration;
			buildSettings = {
				BUNDLE_LOADER = "$(TEST_HOST)";
				FRAMEWORK_SEARCH_PATHS = (
					"$(SDKROOT)/Developer/Library/Frameworks",
					"$(inherited)",
				);
				INFOPLIST_FILE = PostcardTests/Info.plist;
				LD_RUNPATH_SEARCH_PATHS = "$(inherited) @executable_path/Frameworks @loader_path/Frameworks";
				PRODUCT_NAME = "$(TARGET_NAME)";
				TEST_HOST = "$(BUILT_PRODUCTS_DIR)/Postcard.app/Postcard";
			};
			name = Release;
		};
/* End XCBuildConfiguration section */

/* Begin XCConfigurationList section */
		4491B97119F709650073750B /* Build configuration list for PBXProject "Postcard" */ = {
			isa = XCConfigurationList;
			buildConfigurations = (
				4491B99319F709660073750B /* Debug */,
				4491B99419F709660073750B /* Release */,
			);
			defaultConfigurationIsVisible = 0;
			defaultConfigurationName = Release;
		};
		4491B99519F709660073750B /* Build configuration list for PBXNativeTarget "Postcard" */ = {
			isa = XCConfigurationList;
			buildConfigurations = (
				4491B99619F709660073750B /* Debug */,
				4491B99719F709660073750B /* Release */,
			);
			defaultConfigurationIsVisible = 0;
		};
		4491B99819F709660073750B /* Build configuration list for PBXNativeTarget "PostcardTests" */ = {
			isa = XCConfigurationList;
			buildConfigurations = (
				4491B99919F709660073750B /* Debug */,
				4491B99A19F709660073750B /* Release */,
			);
			defaultConfigurationIsVisible = 0;
		};
/* End XCConfigurationList section */
	};
	rootObject = 4491B96E19F709650073750B /* Project object */;
}
